// !$*UTF8*$!
{
	archiveVersion = 1;
	classes = {
	};
	objectVersion = 77;
	objects = {

/* Begin PBXContainerItemProxy section */
		9EE7AA222EEA810E00920A07 /* PBXContainerItemProxy */ = {
			isa = PBXContainerItemProxy;
			containerPortal = 9EE7AA0C2EEA810D00920A07 /* Project object */;
			proxyType = 1;
			remoteGlobalIDString = 9EE7AA132EEA810D00920A07;
			remoteInfo = Slashey;
		};
		9EE7AA2C2EEA810E00920A07 /* PBXContainerItemProxy */ = {
			isa = PBXContainerItemProxy;
			containerPortal = 9EE7AA0C2EEA810D00920A07 /* Project object */;
			proxyType = 1;
			remoteGlobalIDString = 9EE7AA132EEA810D00920A07;
			remoteInfo = Slashey;
		};
/* End PBXContainerItemProxy section */

/* Begin PBXFileReference section */
		9EE7AA142EEA810D00920A07 /* Slashey.app */ = {isa = PBXFileReference; explicitFileType = wrapper.application; includeInIndex = 0; path = Slashey.app; sourceTree = BUILT_PRODUCTS_DIR; };
		9EE7AA212EEA810E00920A07 /* SlasheyTests.xctest */ = {isa = PBXFileReference; explicitFileType = wrapper.cfbundle; includeInIndex = 0; path = SlasheyTests.xctest; sourceTree = BUILT_PRODUCTS_DIR; };
		9EE7AA2B2EEA810E00920A07 /* SlasheyUITests.xctest */ = {isa = PBXFileReference; explicitFileType = wrapper.cfbundle; includeInIndex = 0; path = SlasheyUITests.xctest; sourceTree = BUILT_PRODUCTS_DIR; };
/* End PBXFileReference section */

/* Begin PBXFileSystemSynchronizedRootGroup section */
		9EE7AA162EEA810D00920A07 /* Slashey */ = {
			isa = PBXFileSystemSynchronizedRootGroup;
			path = Slashey;
			sourceTree = "<group>";
		};
		9EE7AA242EEA810E00920A07 /* SlasheyTests */ = {
			isa = PBXFileSystemSynchronizedRootGroup;
			path = SlasheyTests;
			sourceTree = "<group>";
		};
		9EE7AA2E2EEA810E00920A07 /* SlasheyUITests */ = {
			isa = PBXFileSystemSynchronizedRootGroup;
			path = SlasheyUITests;
			sourceTree = "<group>";
		};
/* End PBXFileSystemSynchronizedRootGroup section */

/* Begin PBXFrameworksBuildPhase section */
		9EE7AA112EEA810D00920A07 /* Frameworks */ = {
			isa = PBXFrameworksBuildPhase;
			buildActionMask = 2147483647;
			files = (
			);
			runOnlyForDeploymentPostprocessing = 0;
		};
		9EE7AA1E2EEA810E00920A07 /* Frameworks */ = {
			isa = PBXFrameworksBuildPhase;
			buildActionMask = 2147483647;
			files = (
			);
			runOnlyForDeploymentPostprocessing = 0;
		};
		9EE7AA282EEA810E00920A07 /* Frameworks */ = {
			isa = PBXFrameworksBuildPhase;
			buildActionMask = 2147483647;
			files = (
			);
			runOnlyForDeploymentPostprocessing = 0;
		};
/* End PBXFrameworksBuildPhase section */

/* Begin PBXGroup section */
		9EE7AA0B2EEA810D00920A07 = {
			isa = PBXGroup;
			children = (
				9EE7AA162EEA810D00920A07 /* Slashey */,
				9EE7AA242EEA810E00920A07 /* SlasheyTests */,
				9EE7AA2E2EEA810E00920A07 /* SlasheyUITests */,
				9EE7AA152EEA810D00920A07 /* Products */,
			);
			sourceTree = "<group>";
		};
		9EE7AA152EEA810D00920A07 /* Products */ = {
			isa = PBXGroup;
			children = (
				9EE7AA142EEA810D00920A07 /* Slashey.app */,
				9EE7AA212EEA810E00920A07 /* SlasheyTests.xctest */,
				9EE7AA2B2EEA810E00920A07 /* SlasheyUITests.xctest */,
			);
			name = Products;
			sourceTree = "<group>";
		};
/* End PBXGroup section */

/* Begin PBXNativeTarget section */
		9EE7AA132EEA810D00920A07 /* Slashey */ = {
			isa = PBXNativeTarget;
			buildConfigurationList = 9EE7AA352EEA810E00920A07 /* Build configuration list for PBXNativeTarget "Slashey" */;
			buildPhases = (
				9EE7AA102EEA810D00920A07 /* Sources */,
				9EE7AA112EEA810D00920A07 /* Frameworks */,
				9EE7AA122EEA810D00920A07 /* Resources */,
			);
			buildRules = (
			);
			dependencies = (
			);
			fileSystemSynchronizedGroups = (
				9EE7AA162EEA810D00920A07 /* Slashey */,
			);
			name = Slashey;
			packageProductDependencies = (
			);
			productName = Slashey;
			productReference = 9EE7AA142EEA810D00920A07 /* Slashey.app */;
			productType = "com.apple.product-type.application";
		};
		9EE7AA202EEA810E00920A07 /* SlasheyTests */ = {
			isa = PBXNativeTarget;
			buildConfigurationList = 9EE7AA382EEA810E00920A07 /* Build configuration list for PBXNativeTarget "SlasheyTests" */;
			buildPhases = (
				9EE7AA1D2EEA810E00920A07 /* Sources */,
				9EE7AA1E2EEA810E00920A07 /* Frameworks */,
				9EE7AA1F2EEA810E00920A07 /* Resources */,
			);
			buildRules = (
			);
			dependencies = (
				9EE7AA232EEA810E00920A07 /* PBXTargetDependency */,
			);
			fileSystemSynchronizedGroups = (
				9EE7AA242EEA810E00920A07 /* SlasheyTests */,
			);
			name = SlasheyTests;
			packageProductDependencies = (
			);
			productName = SlasheyTests;
			productReference = 9EE7AA212EEA810E00920A07 /* SlasheyTests.xctest */;
			productType = "com.apple.product-type.bundle.unit-test";
		};
		9EE7AA2A2EEA810E00920A07 /* SlasheyUITests */ = {
			isa = PBXNativeTarget;
			buildConfigurationList = 9EE7AA3B2EEA810E00920A07 /* Build configuration list for PBXNativeTarget "SlasheyUITests" */;
			buildPhases = (
				9EE7AA272EEA810E00920A07 /* Sources */,
				9EE7AA282EEA810E00920A07 /* Frameworks */,
				9EE7AA292EEA810E00920A07 /* Resources */,
			);
			buildRules = (
			);
			dependencies = (
				9EE7AA2D2EEA810E00920A07 /* PBXTargetDependency */,
			);
			fileSystemSynchronizedGroups = (
				9EE7AA2E2EEA810E00920A07 /* SlasheyUITests */,
			);
			name = SlasheyUITests;
			packageProductDependencies = (
			);
			productName = SlasheyUITests;
			productReference = 9EE7AA2B2EEA810E00920A07 /* SlasheyUITests.xctest */;
			productType = "com.apple.product-type.bundle.ui-testing";
		};
/* End PBXNativeTarget section */

/* Begin PBXProject section */
		9EE7AA0C2EEA810D00920A07 /* Project object */ = {
			isa = PBXProject;
			attributes = {
				BuildIndependentTargetsInParallel = 1;
				LastSwiftUpdateCheck = 2600;
				LastUpgradeCheck = 2600;
				TargetAttributes = {
					9EE7AA132EEA810D00920A07 = {
						CreatedOnToolsVersion = 26.0.1;
					};
					9EE7AA202EEA810E00920A07 = {
						CreatedOnToolsVersion = 26.0.1;
						TestTargetID = 9EE7AA132EEA810D00920A07;
					};
					9EE7AA2A2EEA810E00920A07 = {
						CreatedOnToolsVersion = 26.0.1;
						TestTargetID = 9EE7AA132EEA810D00920A07;
					};
				};
			};
			buildConfigurationList = 9EE7AA0F2EEA810D00920A07 /* Build configuration list for PBXProject "Slashey" */;
			developmentRegion = en;
			hasScannedForEncodings = 0;
			knownRegions = (
				en,
				Base,
			);
			mainGroup = 9EE7AA0B2EEA810D00920A07;
			minimizedProjectReferenceProxies = 1;
			preferredProjectObjectVersion = 77;
			productRefGroup = 9EE7AA152EEA810D00920A07 /* Products */;
			projectDirPath = "";
			projectRoot = "";
			targets = (
				9EE7AA132EEA810D00920A07 /* Slashey */,
				9EE7AA202EEA810E00920A07 /* SlasheyTests */,
				9EE7AA2A2EEA810E00920A07 /* SlasheyUITests */,
			);
		};
/* End PBXProject section */

/* Begin PBXResourcesBuildPhase section */
		9EE7AA122EEA810D00920A07 /* Resources */ = {
			isa = PBXResourcesBuildPhase;
			buildActionMask = 2147483647;
			files = (
			);
			runOnlyForDeploymentPostprocessing = 0;
		};
		9EE7AA1F2EEA810E00920A07 /* Resources */ = {
			isa = PBXResourcesBuildPhase;
			buildActionMask = 2147483647;
			files = (
			);
			runOnlyForDeploymentPostprocessing = 0;
		};
		9EE7AA292EEA810E00920A07 /* Resources */ = {
			isa = PBXResourcesBuildPhase;
			buildActionMask = 2147483647;
			files = (
			);
			runOnlyForDeploymentPostprocessing = 0;
		};
/* End PBXResourcesBuildPhase section */

/* Begin PBXSourcesBuildPhase section */
		9EE7AA102EEA810D00920A07 /* Sources */ = {
			isa = PBXSourcesBuildPhase;
			buildActionMask = 2147483647;
			files = (
			);
			runOnlyForDeploymentPostprocessing = 0;
		};
		9EE7AA1D2EEA810E00920A07 /* Sources */ = {
			isa = PBXSourcesBuildPhase;
			buildActionMask = 2147483647;
			files = (
			);
			runOnlyForDeploymentPostprocessing = 0;
		};
		9EE7AA272EEA810E00920A07 /* Sources */ = {
			isa = PBXSourcesBuildPhase;
			buildActionMask = 2147483647;
			files = (
			);
			runOnlyForDeploymentPostprocessing = 0;
		};
/* End PBXSourcesBuildPhase section */

/* Begin PBXTargetDependency section */
		9EE7AA232EEA810E00920A07 /* PBXTargetDependency */ = {
			isa = PBXTargetDependency;
			target = 9EE7AA132EEA810D00920A07 /* Slashey */;
			targetProxy = 9EE7AA222EEA810E00920A07 /* PBXContainerItemProxy */;
		};
		9EE7AA2D2EEA810E00920A07 /* PBXTargetDependency */ = {
			isa = PBXTargetDependency;
			target = 9EE7AA132EEA810D00920A07 /* Slashey */;
			targetProxy = 9EE7AA2C2EEA810E00920A07 /* PBXContainerItemProxy */;
		};
/* End PBXTargetDependency section */

/* Begin XCBuildConfiguration section */
		9EE7AA332EEA810E00920A07 /* Debug */ = {
			isa = XCBuildConfiguration;
			buildSettings = {
				ALWAYS_SEARCH_USER_PATHS = NO;
				ASSETCATALOG_COMPILER_GENERATE_SWIFT_ASSET_SYMBOL_EXTENSIONS = YES;
				CLANG_ANALYZER_NONNULL = YES;
				CLANG_ANALYZER_NUMBER_OBJECT_CONVERSION = YES_AGGRESSIVE;
				CLANG_CXX_LANGUAGE_STANDARD = "gnu++20";
				CLANG_ENABLE_MODULES = YES;
				CLANG_ENABLE_OBJC_ARC = YES;
				CLANG_ENABLE_OBJC_WEAK = YES;
				CLANG_WARN_BLOCK_CAPTURE_AUTORELEASING = YES;
				CLANG_WARN_BOOL_CONVERSION = YES;
				CLANG_WARN_COMMA = YES;
				CLANG_WARN_CONSTANT_CONVERSION = YES;
				CLANG_WARN_DEPRECATED_OBJC_IMPLEMENTATIONS = YES;
				CLANG_WARN_DIRECT_OBJC_ISA_USAGE = YES_ERROR;
				CLANG_WARN_DOCUMENTATION_COMMENTS = YES;
				CLANG_WARN_EMPTY_BODY = YES;
				CLANG_WARN_ENUM_CONVERSION = YES;
				CLANG_WARN_INFINITE_RECURSION = YES;
				CLANG_WARN_INT_CONVERSION = YES;
				CLANG_WARN_NON_LITERAL_NULL_CONVERSION = YES;
				CLANG_WARN_OBJC_IMPLICIT_RETAIN_SELF = YES;
				CLANG_WARN_OBJC_LITERAL_CONVERSION = YES;
				CLANG_WARN_OBJC_ROOT_CLASS = YES_ERROR;
				CLANG_WARN_QUOTED_INCLUDE_IN_FRAMEWORK_HEADER = YES;
				CLANG_WARN_RANGE_LOOP_ANALYSIS = YES;
				CLANG_WARN_STRICT_PROTOTYPES = YES;
				CLANG_WARN_SUSPICIOUS_MOVE = YES;
				CLANG_WARN_UNGUARDED_AVAILABILITY = YES_AGGRESSIVE;
				CLANG_WARN_UNREACHABLE_CODE = YES;
				CLANG_WARN__DUPLICATE_METHOD_MATCH = YES;
				COPY_PHASE_STRIP = NO;
				DEBUG_INFORMATION_FORMAT = dwarf;
				DEVELOPMENT_TEAM = 9Z9BPY33CE;
				ENABLE_STRICT_OBJC_MSGSEND = YES;
				ENABLE_TESTABILITY = YES;
				ENABLE_USER_SCRIPT_SANDBOXING = YES;
				GCC_C_LANGUAGE_STANDARD = gnu17;
				GCC_DYNAMIC_NO_PIC = NO;
				GCC_NO_COMMON_BLOCKS = YES;
				GCC_OPTIMIZATION_LEVEL = 0;
				GCC_PREPROCESSOR_DEFINITIONS = (
					"DEBUG=1",
					"$(inherited)",
				);
				GCC_WARN_64_TO_32_BIT_CONVERSION = YES;
				GCC_WARN_ABOUT_RETURN_TYPE = YES_ERROR;
				GCC_WARN_UNDECLARED_SELECTOR = YES;
				GCC_WARN_UNINITIALIZED_AUTOS = YES_AGGRESSIVE;
				GCC_WARN_UNUSED_FUNCTION = YES;
				GCC_WARN_UNUSED_VARIABLE = YES;
				LOCALIZATION_PREFERS_STRING_CATALOGS = YES;
				MACOSX_DEPLOYMENT_TARGET = 26.0;
				MTL_ENABLE_DEBUG_INFO = INCLUDE_SOURCE;
				MTL_FAST_MATH = YES;
				ONLY_ACTIVE_ARCH = YES;
				SDKROOT = macosx;
				SWIFT_ACTIVE_COMPILATION_CONDITIONS = "DEBUG $(inherited)";
				SWIFT_OPTIMIZATION_LEVEL = "-Onone";
			};
			name = Debug;
		};
		9EE7AA342EEA810E00920A07 /* Release */ = {
			isa = XCBuildConfiguration;
			buildSettings = {
				ALWAYS_SEARCH_USER_PATHS = NO;
				ASSETCATALOG_COMPILER_GENERATE_SWIFT_ASSET_SYMBOL_EXTENSIONS = YES;
				CLANG_ANALYZER_NONNULL = YES;
				CLANG_ANALYZER_NUMBER_OBJECT_CONVERSION = YES_AGGRESSIVE;
				CLANG_CXX_LANGUAGE_STANDARD = "gnu++20";
				CLANG_ENABLE_MODULES = YES;
				CLANG_ENABLE_OBJC_ARC = YES;
				CLANG_ENABLE_OBJC_WEAK = YES;
				CLANG_WARN_BLOCK_CAPTURE_AUTORELEASING = YES;
				CLANG_WARN_BOOL_CONVERSION = YES;
				CLANG_WARN_COMMA = YES;
				CLANG_WARN_CONSTANT_CONVERSION = YES;
				CLANG_WARN_DEPRECATED_OBJC_IMPLEMENTATIONS = YES;
				CLANG_WARN_DIRECT_OBJC_ISA_USAGE = YES_ERROR;
				CLANG_WARN_DOCUMENTATION_COMMENTS = YES;
				CLANG_WARN_EMPTY_BODY = YES;
				CLANG_WARN_ENUM_CONVERSION = YES;
				CLANG_WARN_INFINITE_RECURSION = YES;
				CLANG_WARN_INT_CONVERSION = YES;
				CLANG_WARN_NON_LITERAL_NULL_CONVERSION = YES;
				CLANG_WARN_OBJC_IMPLICIT_RETAIN_SELF = YES;
				CLANG_WARN_OBJC_LITERAL_CONVERSION = YES;
				CLANG_WARN_OBJC_ROOT_CLASS = YES_ERROR;
				CLANG_WARN_QUOTED_INCLUDE_IN_FRAMEWORK_HEADER = YES;
				CLANG_WARN_RANGE_LOOP_ANALYSIS = YES;
				CLANG_WARN_STRICT_PROTOTYPES = YES;
				CLANG_WARN_SUSPICIOUS_MOVE = YES;
				CLANG_WARN_UNGUARDED_AVAILABILITY = YES_AGGRESSIVE;
				CLANG_WARN_UNREACHABLE_CODE = YES;
				CLANG_WARN__DUPLICATE_METHOD_MATCH = YES;
				COPY_PHASE_STRIP = NO;
				DEBUG_INFORMATION_FORMAT = "dwarf-with-dsym";
				DEVELOPMENT_TEAM = 9Z9BPY33CE;
				ENABLE_NS_ASSERTIONS = NO;
				ENABLE_STRICT_OBJC_MSGSEND = YES;
				ENABLE_USER_SCRIPT_SANDBOXING = YES;
				GCC_C_LANGUAGE_STANDARD = gnu17;
				GCC_NO_COMMON_BLOCKS = YES;
				GCC_WARN_64_TO_32_BIT_CONVERSION = YES;
				GCC_WARN_ABOUT_RETURN_TYPE = YES_ERROR;
				GCC_WARN_UNDECLARED_SELECTOR = YES;
				GCC_WARN_UNINITIALIZED_AUTOS = YES_AGGRESSIVE;
				GCC_WARN_UNUSED_FUNCTION = YES;
				GCC_WARN_UNUSED_VARIABLE = YES;
				LOCALIZATION_PREFERS_STRING_CATALOGS = YES;
				MACOSX_DEPLOYMENT_TARGET = 26.0;
				MTL_ENABLE_DEBUG_INFO = NO;
				MTL_FAST_MATH = YES;
				SDKROOT = macosx;
				SWIFT_COMPILATION_MODE = wholemodule;
			};
			name = Release;
		};
		9EE7AA362EEA810E00920A07 /* Debug */ = {
			isa = XCBuildConfiguration;
			buildSettings = {
				ASSETCATALOG_COMPILER_APPICON_NAME = AppIcon;
				ASSETCATALOG_COMPILER_GLOBAL_ACCENT_COLOR_NAME = AccentColor;
				CODE_SIGN_STYLE = Automatic;
				COMBINE_HIDPI_IMAGES = YES;
				CURRENT_PROJECT_VERSION = 1;
				DEVELOPMENT_TEAM = 9Z9BPY33CE;
				ENABLE_APP_SANDBOX = YES;
				ENABLE_HARDENED_RUNTIME = YES;
				ENABLE_PREVIEWS = YES;
				ENABLE_USER_SELECTED_FILES = readonly;
				GENERATE_INFOPLIST_FILE = YES;
				INFOPLIST_KEY_NSHumanReadableCopyright = "";
				LD_RUNPATH_SEARCH_PATHS = (
					"$(inherited)",
					"@executable_path/../Frameworks",
				);
				MARKETING_VERSION = 1.0;
				PRODUCT_BUNDLE_IDENTIFIER = com.jamesvanderhaak.StoryTimeApp.Slashey;
				PRODUCT_NAME = "$(TARGET_NAME)";
				REGISTER_APP_GROUPS = YES;
				STRING_CATALOG_GENERATE_SYMBOLS = YES;
				SWIFT_APPROACHABLE_CONCURRENCY = YES;
				SWIFT_DEFAULT_ACTOR_ISOLATION = MainActor;
				SWIFT_EMIT_LOC_STRINGS = YES;
				SWIFT_UPCOMING_FEATURE_MEMBER_IMPORT_VISIBILITY = YES;
				SWIFT_VERSION = 5.0;
			};
			name = Debug;
		};
		9EE7AA372EEA810E00920A07 /* Release */ = {
			isa = XCBuildConfiguration;
			buildSettings = {
				ASSETCATALOG_COMPILER_APPICON_NAME = AppIcon;
				ASSETCATALOG_COMPILER_GLOBAL_ACCENT_COLOR_NAME = AccentColor;
				CODE_SIGN_STYLE = Automatic;
				COMBINE_HIDPI_IMAGES = YES;
				CURRENT_PROJECT_VERSION = 1;
				DEVELOPMENT_TEAM = 9Z9BPY33CE;
				ENABLE_APP_SANDBOX = YES;
				ENABLE_HARDENED_RUNTIME = YES;
				ENABLE_PREVIEWS = YES;
				ENABLE_USER_SELECTED_FILES = readonly;
				GENERATE_INFOPLIST_FILE = YES;
				INFOPLIST_KEY_NSHumanReadableCopyright = "";
				LD_RUNPATH_SEARCH_PATHS = (
					"$(inherited)",
					"@executable_path/../Frameworks",
				);
				MARKETING_VERSION = 1.0;
				PRODUCT_BUNDLE_IDENTIFIER = com.jamesvanderhaak.StoryTimeApp.Slashey;
				PRODUCT_NAME = "$(TARGET_NAME)";
				REGISTER_APP_GROUPS = YES;
				STRING_CATALOG_GENERATE_SYMBOLS = YES;
				SWIFT_APPROACHABLE_CONCURRENCY = YES;
				SWIFT_DEFAULT_ACTOR_ISOLATION = MainActor;
				SWIFT_EMIT_LOC_STRINGS = YES;
				SWIFT_UPCOMING_FEATURE_MEMBER_IMPORT_VISIBILITY = YES;
				SWIFT_VERSION = 5.0;
			};
			name = Release;
		};
		9EE7AA392EEA810E00920A07 /* Debug */ = {
			isa = XCBuildConfiguration;
			buildSettings = {
				BUNDLE_LOADER = "$(TEST_HOST)";
				CODE_SIGN_STYLE = Automatic;
				CURRENT_PROJECT_VERSION = 1;
				DEVELOPMENT_TEAM = 9Z9BPY33CE;
				GENERATE_INFOPLIST_FILE = YES;
				MACOSX_DEPLOYMENT_TARGET = 26.0;
				MARKETING_VERSION = 1.0;
				PRODUCT_BUNDLE_IDENTIFIER = com.jamesvanderhaak.StoryTimeApp.SlasheyTests;
				PRODUCT_NAME = "$(TARGET_NAME)";
				STRING_CATALOG_GENERATE_SYMBOLS = NO;
				SWIFT_APPROACHABLE_CONCURRENCY = YES;
				SWIFT_EMIT_LOC_STRINGS = NO;
				SWIFT_UPCOMING_FEATURE_MEMBER_IMPORT_VISIBILITY = YES;
				SWIFT_VERSION = 5.0;
				TEST_HOST = "$(BUILT_PRODUCTS_DIR)/Slashey.app/$(BUNDLE_EXECUTABLE_FOLDER_PATH)/Slashey";
			};
			name = Debug;
		};
		9EE7AA3A2EEA810E00920A07 /* Release */ = {
			isa = XCBuildConfiguration;
			buildSettings = {
				BUNDLE_LOADER = "$(TEST_HOST)";
				CODE_SIGN_STYLE = Automatic;
				CURRENT_PROJECT_VERSION = 1;
				DEVELOPMENT_TEAM = 9Z9BPY33CE;
				GENERATE_INFOPLIST_FILE = YES;
				MACOSX_DEPLOYMENT_TARGET = 26.0;
				MARKETING_VERSION = 1.0;
				PRODUCT_BUNDLE_IDENTIFIER = com.jamesvanderhaak.StoryTimeApp.SlasheyTests;
				PRODUCT_NAME = "$(TARGET_NAME)";
				STRING_CATALOG_GENERATE_SYMBOLS = NO;
				SWIFT_APPROACHABLE_CONCURRENCY = YES;
				SWIFT_EMIT_LOC_STRINGS = NO;
				SWIFT_UPCOMING_FEATURE_MEMBER_IMPORT_VISIBILITY = YES;
				SWIFT_VERSION = 5.0;
				TEST_HOST = "$(BUILT_PRODUCTS_DIR)/Slashey.app/$(BUNDLE_EXECUTABLE_FOLDER_PATH)/Slashey";
			};
			name = Release;
		};
		9EE7AA3C2EEA810E00920A07 /* Debug */ = {
			isa = XCBuildConfiguration;
			buildSettings = {
				CODE_SIGN_STYLE = Automatic;
				CURRENT_PROJECT_VERSION = 1;
				DEVELOPMENT_TEAM = 9Z9BPY33CE;
				GENERATE_INFOPLIST_FILE = YES;
				MARKETING_VERSION = 1.0;
				PRODUCT_BUNDLE_IDENTIFIER = com.jamesvanderhaak.StoryTimeApp.SlasheyUITests;
				PRODUCT_NAME = "$(TARGET_NAME)";
				STRING_CATALOG_GENERATE_SYMBOLS = NO;
				SWIFT_APPROACHABLE_CONCURRENCY = YES;
				SWIFT_EMIT_LOC_STRINGS = NO;
				SWIFT_UPCOMING_FEATURE_MEMBER_IMPORT_VISIBILITY = YES;
				SWIFT_VERSION = 5.0;
				TEST_TARGET_NAME = Slashey;
			};
			name = Debug;
		};
		9EE7AA3D2EEA810E00920A07 /* Release */ = {
			isa = XCBuildConfiguration;
			buildSettings = {
				CODE_SIGN_STYLE = Automatic;
				CURRENT_PROJECT_VERSION = 1;
				DEVELOPMENT_TEAM = 9Z9BPY33CE;
				GENERATE_INFOPLIST_FILE = YES;
				MARKETING_VERSION = 1.0;
				PRODUCT_BUNDLE_IDENTIFIER = com.jamesvanderhaak.StoryTimeApp.SlasheyUITests;
				PRODUCT_NAME = "$(TARGET_NAME)";
				STRING_CATALOG_GENERATE_SYMBOLS = NO;
				SWIFT_APPROACHABLE_CONCURRENCY = YES;
				SWIFT_EMIT_LOC_STRINGS = NO;
				SWIFT_UPCOMING_FEATURE_MEMBER_IMPORT_VISIBILITY = YES;
				SWIFT_VERSION = 5.0;
				TEST_TARGET_NAME = Slashey;
			};
			name = Release;
		};
/* End XCBuildConfiguration section */

/* Begin XCConfigurationList section */
		9EE7AA0F2EEA810D00920A07 /* Build configuration list for PBXProject "Slashey" */ = {
			isa = XCConfigurationList;
			buildConfigurations = (
				9EE7AA332EEA810E00920A07 /* Debug */,
				9EE7AA342EEA810E00920A07 /* Release */,
			);
			defaultConfigurationIsVisible = 0;
			defaultConfigurationName = Release;
		};
		9EE7AA352EEA810E00920A07 /* Build configuration list for PBXNativeTarget "Slashey" */ = {
			isa = XCConfigurationList;
			buildConfigurations = (
				9EE7AA362EEA810E00920A07 /* Debug */,
				9EE7AA372EEA810E00920A07 /* Release */,
			);
			defaultConfigurationIsVisible = 0;
			defaultConfigurationName = Release;
		};
		9EE7AA382EEA810E00920A07 /* Build configuration list for PBXNativeTarget "SlasheyTests" */ = {
			isa = XCConfigurationList;
			buildConfigurations = (
				9EE7AA392EEA810E00920A07 /* Debug */,
				9EE7AA3A2EEA810E00920A07 /* Release */,
			);
			defaultConfigurationIsVisible = 0;
			defaultConfigurationName = Release;
		};
		9EE7AA3B2EEA810E00920A07 /* Build configuration list for PBXNativeTarget "SlasheyUITests" */ = {
			isa = XCConfigurationList;
			buildConfigurations = (
				9EE7AA3C2EEA810E00920A07 /* Debug */,
				9EE7AA3D2EEA810E00920A07 /* Release */,
			);
			defaultConfigurationIsVisible = 0;
			defaultConfigurationName = Release;
		};
/* End XCConfigurationList section */
	};
	rootObject = 9EE7AA0C2EEA810D00920A07 /* Project object */;
}
